// !$*UTF8*$!
{
	archiveVersion = 1;
	classes = {
	};
	objectVersion = 77;
	objects = {

/* Begin PBXContainerItemProxy section */
		41ADF8D62E80355D0020D3B8 /* PBXContainerItemProxy */ = {
			isa = PBXContainerItemProxy;
			containerPortal = 41ADF8C02E80355C0020D3B8 /* Project object */;
			proxyType = 1;
			remoteGlobalIDString = 41ADF8C72E80355C0020D3B8;
			remoteInfo = week2lean;
		};
		41ADF8E02E80355D0020D3B8 /* PBXContainerItemProxy */ = {
			isa = PBXContainerItemProxy;
			containerPortal = 41ADF8C02E80355C0020D3B8 /* Project object */;
			proxyType = 1;
			remoteGlobalIDString = 41ADF8C72E80355C0020D3B8;
			remoteInfo = week2lean;
		};
/* End PBXContainerItemProxy section */

/* Begin PBXFileReference section */
		41ADF8C82E80355C0020D3B8 /* week2lean.app */ = {isa = PBXFileReference; explicitFileType = wrapper.application; includeInIndex = 0; path = week2lean.app; sourceTree = BUILT_PRODUCTS_DIR; };
		41ADF8D52E80355D0020D3B8 /* week2leanTests.xctest */ = {isa = PBXFileReference; explicitFileType = wrapper.cfbundle; includeInIndex = 0; path = week2leanTests.xctest; sourceTree = BUILT_PRODUCTS_DIR; };
		41ADF8DF2E80355D0020D3B8 /* week2leanUITests.xctest */ = {isa = PBXFileReference; explicitFileType = wrapper.cfbundle; includeInIndex = 0; path = week2leanUITests.xctest; sourceTree = BUILT_PRODUCTS_DIR; };
/* End PBXFileReference section */

/* Begin PBXFileSystemSynchronizedRootGroup section */
		41ADF8CA2E80355C0020D3B8 /* week2lean */ = {
			isa = PBXFileSystemSynchronizedRootGroup;
			path = week2lean;
			sourceTree = "<group>";
		};
		41ADF8D82E80355D0020D3B8 /* week2leanTests */ = {
			isa = PBXFileSystemSynchronizedRootGroup;
			path = week2leanTests;
			sourceTree = "<group>";
		};
		41ADF8E22E80355D0020D3B8 /* week2leanUITests */ = {
			isa = PBXFileSystemSynchronizedRootGroup;
			path = week2leanUITests;
			sourceTree = "<group>";
		};
		41ADF8F22E8038F20020D3B8 /* week2_test */ = {
			isa = PBXFileSystemSynchronizedRootGroup;
			path = week2_test;
			sourceTree = "<group>";
		};
/* End PBXFileSystemSynchronizedRootGroup section */

/* Begin PBXFrameworksBuildPhase section */
		41ADF8C52E80355C0020D3B8 /* Frameworks */ = {
			isa = PBXFrameworksBuildPhase;
			buildActionMask = 2147483647;
			files = (
			);
			runOnlyForDeploymentPostprocessing = 0;
		};
		41ADF8D22E80355D0020D3B8 /* Frameworks */ = {
			isa = PBXFrameworksBuildPhase;
			buildActionMask = 2147483647;
			files = (
			);
			runOnlyForDeploymentPostprocessing = 0;
		};
		41ADF8DC2E80355D0020D3B8 /* Frameworks */ = {
			isa = PBXFrameworksBuildPhase;
			buildActionMask = 2147483647;
			files = (
			);
			runOnlyForDeploymentPostprocessing = 0;
		};
/* End PBXFrameworksBuildPhase section */

/* Begin PBXGroup section */
		41ADF8BF2E80355C0020D3B8 = {
			isa = PBXGroup;
			children = (
				41ADF8F22E8038F20020D3B8 /* week2_test */,
				41ADF8CA2E80355C0020D3B8 /* week2lean */,
				41ADF8D82E80355D0020D3B8 /* week2leanTests */,
				41ADF8E22E80355D0020D3B8 /* week2leanUITests */,
				41ADF8C92E80355C0020D3B8 /* Products */,
			);
			sourceTree = "<group>";
		};
		41ADF8C92E80355C0020D3B8 /* Products */ = {
			isa = PBXGroup;
			children = (
				41ADF8C82E80355C0020D3B8 /* week2lean.app */,
				41ADF8D52E80355D0020D3B8 /* week2leanTests.xctest */,
				41ADF8DF2E80355D0020D3B8 /* week2leanUITests.xctest */,
			);
			name = Products;
			sourceTree = "<group>";
		};
/* End PBXGroup section */

/* Begin PBXNativeTarget section */
		41ADF8C72E80355C0020D3B8 /* week2lean */ = {
			isa = PBXNativeTarget;
			buildConfigurationList = 41ADF8E92E80355D0020D3B8 /* Build configuration list for PBXNativeTarget "week2lean" */;
			buildPhases = (
				41ADF8C42E80355C0020D3B8 /* Sources */,
				41ADF8C52E80355C0020D3B8 /* Frameworks */,
				41ADF8C62E80355C0020D3B8 /* Resources */,
			);
			buildRules = (
			);
			dependencies = (
			);
			fileSystemSynchronizedGroups = (
				41ADF8CA2E80355C0020D3B8 /* week2lean */,
				41ADF8F22E8038F20020D3B8 /* week2_test */,
			);
			name = week2lean;
			packageProductDependencies = (
			);
			productName = week2lean;
			productReference = 41ADF8C82E80355C0020D3B8 /* week2lean.app */;
			productType = "com.apple.product-type.application";
		};
		41ADF8D42E80355D0020D3B8 /* week2leanTests */ = {
			isa = PBXNativeTarget;
			buildConfigurationList = 41ADF8EC2E80355D0020D3B8 /* Build configuration list for PBXNativeTarget "week2leanTests" */;
			buildPhases = (
				41ADF8D12E80355D0020D3B8 /* Sources */,
				41ADF8D22E80355D0020D3B8 /* Frameworks */,
				41ADF8D32E80355D0020D3B8 /* Resources */,
			);
			buildRules = (
			);
			dependencies = (
				41ADF8D72E80355D0020D3B8 /* PBXTargetDependency */,
			);
			fileSystemSynchronizedGroups = (
				41ADF8D82E80355D0020D3B8 /* week2leanTests */,
			);
			name = week2leanTests;
			packageProductDependencies = (
			);
			productName = week2leanTests;
			productReference = 41ADF8D52E80355D0020D3B8 /* week2leanTests.xctest */;
			productType = "com.apple.product-type.bundle.unit-test";
		};
		41ADF8DE2E80355D0020D3B8 /* week2leanUITests */ = {
			isa = PBXNativeTarget;
			buildConfigurationList = 41ADF8EF2E80355D0020D3B8 /* Build configuration list for PBXNativeTarget "week2leanUITests" */;
			buildPhases = (
				41ADF8DB2E80355D0020D3B8 /* Sources */,
				41ADF8DC2E80355D0020D3B8 /* Frameworks */,
				41ADF8DD2E80355D0020D3B8 /* Resources */,
			);
			buildRules = (
			);
			dependencies = (
				41ADF8E12E80355D0020D3B8 /* PBXTargetDependency */,
			);
			fileSystemSynchronizedGroups = (
				41ADF8E22E80355D0020D3B8 /* week2leanUITests */,
			);
			name = week2leanUITests;
			packageProductDependencies = (
			);
			productName = week2leanUITests;
			productReference = 41ADF8DF2E80355D0020D3B8 /* week2leanUITests.xctest */;
			productType = "com.apple.product-type.bundle.ui-testing";
		};
/* End PBXNativeTarget section */

/* Begin PBXProject section */
		41ADF8C02E80355C0020D3B8 /* Project object */ = {
			isa = PBXProject;
			attributes = {
				BuildIndependentTargetsInParallel = 1;
				LastSwiftUpdateCheck = 1640;
				LastUpgradeCheck = 2600;
				TargetAttributes = {
					41ADF8C72E80355C0020D3B8 = {
						CreatedOnToolsVersion = 16.4;
					};
					41ADF8D42E80355D0020D3B8 = {
						CreatedOnToolsVersion = 16.4;
						TestTargetID = 41ADF8C72E80355C0020D3B8;
					};
					41ADF8DE2E80355D0020D3B8 = {
						CreatedOnToolsVersion = 16.4;
						TestTargetID = 41ADF8C72E80355C0020D3B8;
					};
				};
			};
			buildConfigurationList = 41ADF8C32E80355C0020D3B8 /* Build configuration list for PBXProject "week2lean" */;
			developmentRegion = en;
			hasScannedForEncodings = 0;
			knownRegions = (
				en,
				Base,
			);
			mainGroup = 41ADF8BF2E80355C0020D3B8;
			minimizedProjectReferenceProxies = 1;
			preferredProjectObjectVersion = 77;
			productRefGroup = 41ADF8C92E80355C0020D3B8 /* Products */;
			projectDirPath = "";
			projectRoot = "";
			targets = (
				41ADF8C72E80355C0020D3B8 /* week2lean */,
				41ADF8D42E80355D0020D3B8 /* week2leanTests */,
				41ADF8DE2E80355D0020D3B8 /* week2leanUITests */,
			);
		};
/* End PBXProject section */

/* Begin PBXResourcesBuildPhase section */
		41ADF8C62E80355C0020D3B8 /* Resources */ = {
			isa = PBXResourcesBuildPhase;
			buildActionMask = 2147483647;
			files = (
			);
			runOnlyForDeploymentPostprocessing = 0;
		};
		41ADF8D32E80355D0020D3B8 /* Resources */ = {
			isa = PBXResourcesBuildPhase;
			buildActionMask = 2147483647;
			files = (
			);
			runOnlyForDeploymentPostprocessing = 0;
		};
		41ADF8DD2E80355D0020D3B8 /* Resources */ = {
			isa = PBXResourcesBuildPhase;
			buildActionMask = 2147483647;
			files = (
			);
			runOnlyForDeploymentPostprocessing = 0;
		};
/* End PBXResourcesBuildPhase section */

/* Begin PBXSourcesBuildPhase section */
		41ADF8C42E80355C0020D3B8 /* Sources */ = {
			isa = PBXSourcesBuildPhase;
			buildActionMask = 2147483647;
			files = (
			);
			runOnlyForDeploymentPostprocessing = 0;
		};
		41ADF8D12E80355D0020D3B8 /* Sources */ = {
			isa = PBXSourcesBuildPhase;
			buildActionMask = 2147483647;
			files = (
			);
			runOnlyForDeploymentPostprocessing = 0;
		};
		41ADF8DB2E80355D0020D3B8 /* Sources */ = {
			isa = PBXSourcesBuildPhase;
			buildActionMask = 2147483647;
			files = (
			);
			runOnlyForDeploymentPostprocessing = 0;
		};
/* End PBXSourcesBuildPhase section */

/* Begin PBXTargetDependency section */
		41ADF8D72E80355D0020D3B8 /* PBXTargetDependency */ = {
			isa = PBXTargetDependency;
			target = 41ADF8C72E80355C0020D3B8 /* week2lean */;
			targetProxy = 41ADF8D62E80355D0020D3B8 /* PBXContainerItemProxy */;
		};
		41ADF8E12E80355D0020D3B8 /* PBXTargetDependency */ = {
			isa = PBXTargetDependency;
			target = 41ADF8C72E80355C0020D3B8 /* week2lean */;
			targetProxy = 41ADF8E02E80355D0020D3B8 /* PBXContainerItemProxy */;
		};
/* End PBXTargetDependency section */

/* Begin XCBuildConfiguration section */
		41ADF8E72E80355D0020D3B8 /* Debug */ = {
			isa = XCBuildConfiguration;
			buildSettings = {
				ALWAYS_SEARCH_USER_PATHS = NO;
				ASSETCATALOG_COMPILER_GENERATE_SWIFT_ASSET_SYMBOL_EXTENSIONS = YES;
				CLANG_ANALYZER_NONNULL = YES;
				CLANG_ANALYZER_NUMBER_OBJECT_CONVERSION = YES_AGGRESSIVE;
				CLANG_CXX_LANGUAGE_STANDARD = "gnu++20";
				CLANG_ENABLE_MODULES = YES;
				CLANG_ENABLE_OBJC_ARC = YES;
				CLANG_ENABLE_OBJC_WEAK = YES;
				CLANG_WARN_BLOCK_CAPTURE_AUTORELEASING = YES;
				CLANG_WARN_BOOL_CONVERSION = YES;
				CLANG_WARN_COMMA = YES;
				CLANG_WARN_CONSTANT_CONVERSION = YES;
				CLANG_WARN_DEPRECATED_OBJC_IMPLEMENTATIONS = YES;
				CLANG_WARN_DIRECT_OBJC_ISA_USAGE = YES_ERROR;
				CLANG_WARN_DOCUMENTATION_COMMENTS = YES;
				CLANG_WARN_EMPTY_BODY = YES;
				CLANG_WARN_ENUM_CONVERSION = YES;
				CLANG_WARN_INFINITE_RECURSION = YES;
				CLANG_WARN_INT_CONVERSION = YES;
				CLANG_WARN_NON_LITERAL_NULL_CONVERSION = YES;
				CLANG_WARN_OBJC_IMPLICIT_RETAIN_SELF = YES;
				CLANG_WARN_OBJC_LITERAL_CONVERSION = YES;
				CLANG_WARN_OBJC_ROOT_CLASS = YES_ERROR;
				CLANG_WARN_QUOTED_INCLUDE_IN_FRAMEWORK_HEADER = YES;
				CLANG_WARN_RANGE_LOOP_ANALYSIS = YES;
				CLANG_WARN_STRICT_PROTOTYPES = YES;
				CLANG_WARN_SUSPICIOUS_MOVE = YES;
				CLANG_WARN_UNGUARDED_AVAILABILITY = YES_AGGRESSIVE;
				CLANG_WARN_UNREACHABLE_CODE = YES;
				CLANG_WARN__DUPLICATE_METHOD_MATCH = YES;
				COPY_PHASE_STRIP = NO;
				DEBUG_INFORMATION_FORMAT = dwarf;
				ENABLE_STRICT_OBJC_MSGSEND = YES;
				ENABLE_TESTABILITY = YES;
				ENABLE_USER_SCRIPT_SANDBOXING = YES;
				GCC_C_LANGUAGE_STANDARD = gnu17;
				GCC_DYNAMIC_NO_PIC = NO;
				GCC_NO_COMMON_BLOCKS = YES;
				GCC_OPTIMIZATION_LEVEL = 0;
				GCC_PREPROCESSOR_DEFINITIONS = (
					"DEBUG=1",
					"$(inherited)",
				);
				GCC_WARN_64_TO_32_BIT_CONVERSION = YES;
				GCC_WARN_ABOUT_RETURN_TYPE = YES_ERROR;
				GCC_WARN_UNDECLARED_SELECTOR = YES;
				GCC_WARN_UNINITIALIZED_AUTOS = YES_AGGRESSIVE;
				GCC_WARN_UNUSED_FUNCTION = YES;
				GCC_WARN_UNUSED_VARIABLE = YES;
				IPHONEOS_DEPLOYMENT_TARGET = 18.5;
				LOCALIZATION_PREFERS_STRING_CATALOGS = YES;
				MTL_ENABLE_DEBUG_INFO = INCLUDE_SOURCE;
				MTL_FAST_MATH = YES;
				ONLY_ACTIVE_ARCH = YES;
				SDKROOT = iphoneos;
				STRING_CATALOG_GENERATE_SYMBOLS = YES;
				SWIFT_ACTIVE_COMPILATION_CONDITIONS = "DEBUG $(inherited)";
				SWIFT_OPTIMIZATION_LEVEL = "-Onone";
			};
			name = Debug;
		};
		41ADF8E82E80355D0020D3B8 /* Release */ = {
			isa = XCBuildConfiguration;
			buildSettings = {
				ALWAYS_SEARCH_USER_PATHS = NO;
				ASSETCATALOG_COMPILER_GENERATE_SWIFT_ASSET_SYMBOL_EXTENSIONS = YES;
				CLANG_ANALYZER_NONNULL = YES;
				CLANG_ANALYZER_NUMBER_OBJECT_CONVERSION = YES_AGGRESSIVE;
				CLANG_CXX_LANGUAGE_STANDARD = "gnu++20";
				CLANG_ENABLE_MODULES = YES;
				CLANG_ENABLE_OBJC_ARC = YES;
				CLANG_ENABLE_OBJC_WEAK = YES;
				CLANG_WARN_BLOCK_CAPTURE_AUTORELEASING = YES;
				CLANG_WARN_BOOL_CONVERSION = YES;
				CLANG_WARN_COMMA = YES;
				CLANG_WARN_CONSTANT_CONVERSION = YES;
				CLANG_WARN_DEPRECATED_OBJC_IMPLEMENTATIONS = YES;
				CLANG_WARN_DIRECT_OBJC_ISA_USAGE = YES_ERROR;
				CLANG_WARN_DOCUMENTATION_COMMENTS = YES;
				CLANG_WARN_EMPTY_BODY = YES;
				CLANG_WARN_ENUM_CONVERSION = YES;
				CLANG_WARN_INFINITE_RECURSION = YES;
				CLANG_WARN_INT_CONVERSION = YES;
				CLANG_WARN_NON_LITERAL_NULL_CONVERSION = YES;
				CLANG_WARN_OBJC_IMPLICIT_RETAIN_SELF = YES;
				CLANG_WARN_OBJC_LITERAL_CONVERSION = YES;
				CLANG_WARN_OBJC_ROOT_CLASS = YES_ERROR;
				CLANG_WARN_QUOTED_INCLUDE_IN_FRAMEWORK_HEADER = YES;
				CLANG_WARN_RANGE_LOOP_ANALYSIS = YES;
				CLANG_WARN_STRICT_PROTOTYPES = YES;
				CLANG_WARN_SUSPICIOUS_MOVE = YES;
				CLANG_WARN_UNGUARDED_AVAILABILITY = YES_AGGRESSIVE;
				CLANG_WARN_UNREACHABLE_CODE = YES;
				CLANG_WARN__DUPLICATE_METHOD_MATCH = YES;
				COPY_PHASE_STRIP = NO;
				DEBUG_INFORMATION_FORMAT = "dwarf-with-dsym";
				ENABLE_NS_ASSERTIONS = NO;
				ENABLE_STRICT_OBJC_MSGSEND = YES;
				ENABLE_USER_SCRIPT_SANDBOXING = YES;
				GCC_C_LANGUAGE_STANDARD = gnu17;
				GCC_NO_COMMON_BLOCKS = YES;
				GCC_WARN_64_TO_32_BIT_CONVERSION = YES;
				GCC_WARN_ABOUT_RETURN_TYPE = YES_ERROR;
				GCC_WARN_UNDECLARED_SELECTOR = YES;
				GCC_WARN_UNINITIALIZED_AUTOS = YES_AGGRESSIVE;
				GCC_WARN_UNUSED_FUNCTION = YES;
				GCC_WARN_UNUSED_VARIABLE = YES;
				IPHONEOS_DEPLOYMENT_TARGET = 18.5;
				LOCALIZATION_PREFERS_STRING_CATALOGS = YES;
				MTL_ENABLE_DEBUG_INFO = NO;
				MTL_FAST_MATH = YES;
				SDKROOT = iphoneos;
				STRING_CATALOG_GENERATE_SYMBOLS = YES;
				SWIFT_COMPILATION_MODE = wholemodule;
				VALIDATE_PRODUCT = YES;
			};
			name = Release;
		};
		41ADF8EA2E80355D0020D3B8 /* Debug */ = {
			isa = XCBuildConfiguration;
			buildSettings = {
				ASSETCATALOG_COMPILER_APPICON_NAME = AppIcon;
				ASSETCATALOG_COMPILER_GLOBAL_ACCENT_COLOR_NAME = AccentColor;
				CODE_SIGN_STYLE = Automatic;
				CURRENT_PROJECT_VERSION = 1;
				ENABLE_PREVIEWS = YES;
				GENERATE_INFOPLIST_FILE = YES;
				INFOPLIST_KEY_UIApplicationSceneManifest_Generation = YES;
				INFOPLIST_KEY_UIApplicationSupportsIndirectInputEvents = YES;
				INFOPLIST_KEY_UILaunchScreen_Generation = YES;
				INFOPLIST_KEY_UISupportedInterfaceOrientations_iPad = "UIInterfaceOrientationPortrait UIInterfaceOrientationPortraitUpsideDown UIInterfaceOrientationLandscapeLeft UIInterfaceOrientationLandscapeRight";
				INFOPLIST_KEY_UISupportedInterfaceOrientations_iPhone = "UIInterfaceOrientationPortrait UIInterfaceOrientationLandscapeLeft UIInterfaceOrientationLandscapeRight";
				LD_RUNPATH_SEARCH_PATHS = (
					"$(inherited)",
					"@executable_path/Frameworks",
				);
				MARKETING_VERSION = 1.0;
				PRODUCT_BUNDLE_IDENTIFIER = com.testdev.week2lean;
				PRODUCT_NAME = "$(TARGET_NAME)";
				SWIFT_EMIT_LOC_STRINGS = YES;
				SWIFT_VERSION = 5.0;
				TARGETED_DEVICE_FAMILY = "1,2";
			};
			name = Debug;
		};
		41ADF8EB2E80355D0020D3B8 /* Release */ = {
			isa = XCBuildConfiguration;
			buildSettings = {
				ASSETCATALOG_COMPILER_APPICON_NAME = AppIcon;
				ASSETCATALOG_COMPILER_GLOBAL_ACCENT_COLOR_NAME = AccentColor;
				CODE_SIGN_STYLE = Automatic;
				CURRENT_PROJECT_VERSION = 1;
				ENABLE_PREVIEWS = YES;
				GENERATE_INFOPLIST_FILE = YES;
				INFOPLIST_KEY_UIApplicationSceneManifest_Generation = YES;
				INFOPLIST_KEY_UIApplicationSupportsIndirectInputEvents = YES;
				INFOPLIST_KEY_UILaunchScreen_Generation = YES;
				INFOPLIST_KEY_UISupportedInterfaceOrientations_iPad = "UIInterfaceOrientationPortrait UIInterfaceOrientationPortraitUpsideDown UIInterfaceOrientationLandscapeLeft UIInterfaceOrientationLandscapeRight";
				INFOPLIST_KEY_UISupportedInterfaceOrientations_iPhone = "UIInterfaceOrientationPortrait UIInterfaceOrientationLandscapeLeft UIInterfaceOrientationLandscapeRight";
				LD_RUNPATH_SEARCH_PATHS = (
					"$(inherited)",
					"@executable_path/Frameworks",
				);
				MARKETING_VERSION = 1.0;
				PRODUCT_BUNDLE_IDENTIFIER = com.testdev.week2lean;
				PRODUCT_NAME = "$(TARGET_NAME)";
				SWIFT_EMIT_LOC_STRINGS = YES;
				SWIFT_VERSION = 5.0;
				TARGETED_DEVICE_FAMILY = "1,2";
			};
			name = Release;
		};
		41ADF8ED2E80355D0020D3B8 /* Debug */ = {
			isa = XCBuildConfiguration;
			buildSettings = {
				BUNDLE_LOADER = "$(TEST_HOST)";
				CODE_SIGN_STYLE = Automatic;
				CURRENT_PROJECT_VERSION = 1;
				GENERATE_INFOPLIST_FILE = YES;
				IPHONEOS_DEPLOYMENT_TARGET = 18.5;
				MARKETING_VERSION = 1.0;
				PRODUCT_BUNDLE_IDENTIFIER = com.testdev.week2leanTests;
				PRODUCT_NAME = "$(TARGET_NAME)";
				SWIFT_EMIT_LOC_STRINGS = NO;
				SWIFT_VERSION = 5.0;
				TARGETED_DEVICE_FAMILY = "1,2";
				TEST_HOST = "$(BUILT_PRODUCTS_DIR)/week2lean.app/$(BUNDLE_EXECUTABLE_FOLDER_PATH)/week2lean";
			};
			name = Debug;
		};
		41ADF8EE2E80355D0020D3B8 /* Release */ = {
			isa = XCBuildConfiguration;
			buildSettings = {
				BUNDLE_LOADER = "$(TEST_HOST)";
				CODE_SIGN_STYLE = Automatic;
				CURRENT_PROJECT_VERSION = 1;
				GENERATE_INFOPLIST_FILE = YES;
				IPHONEOS_DEPLOYMENT_TARGET = 18.5;
				MARKETING_VERSION = 1.0;
				PRODUCT_BUNDLE_IDENTIFIER = com.testdev.week2leanTests;
				PRODUCT_NAME = "$(TARGET_NAME)";
				SWIFT_EMIT_LOC_STRINGS = NO;
				SWIFT_VERSION = 5.0;
				TARGETED_DEVICE_FAMILY = "1,2";
				TEST_HOST = "$(BUILT_PRODUCTS_DIR)/week2lean.app/$(BUNDLE_EXECUTABLE_FOLDER_PATH)/week2lean";
			};
			name = Release;
		};
		41ADF8F02E80355D0020D3B8 /* Debug */ = {
			isa = XCBuildConfiguration;
			buildSettings = {
				CODE_SIGN_STYLE = Automatic;
				CURRENT_PROJECT_VERSION = 1;
				GENERATE_INFOPLIST_FILE = YES;
				MARKETING_VERSION = 1.0;
				PRODUCT_BUNDLE_IDENTIFIER = com.testdev.week2leanUITests;
				PRODUCT_NAME = "$(TARGET_NAME)";
				SWIFT_EMIT_LOC_STRINGS = NO;
				SWIFT_VERSION = 5.0;
				TARGETED_DEVICE_FAMILY = "1,2";
				TEST_TARGET_NAME = week2lean;
			};
			name = Debug;
		};
		41ADF8F12E80355D0020D3B8 /* Release */ = {
			isa = XCBuildConfiguration;
			buildSettings = {
				CODE_SIGN_STYLE = Automatic;
				CURRENT_PROJECT_VERSION = 1;
				GENERATE_INFOPLIST_FILE = YES;
				MARKETING_VERSION = 1.0;
				PRODUCT_BUNDLE_IDENTIFIER = com.testdev.week2leanUITests;
				PRODUCT_NAME = "$(TARGET_NAME)";
				SWIFT_EMIT_LOC_STRINGS = NO;
				SWIFT_VERSION = 5.0;
				TARGETED_DEVICE_FAMILY = "1,2";
				TEST_TARGET_NAME = week2lean;
			};
			name = Release;
		};
/* End XCBuildConfiguration section */

/* Begin XCConfigurationList section */
		41ADF8C32E80355C0020D3B8 /* Build configuration list for PBXProject "week2lean" */ = {
			isa = XCConfigurationList;
			buildConfigurations = (
				41ADF8E72E80355D0020D3B8 /* Debug */,
				41ADF8E82E80355D0020D3B8 /* Release */,
			);
			defaultConfigurationIsVisible = 0;
			defaultConfigurationName = Release;
		};
		41ADF8E92E80355D0020D3B8 /* Build configuration list for PBXNativeTarget "week2lean" */ = {
			isa = XCConfigurationList;
			buildConfigurations = (
				41ADF8EA2E80355D0020D3B8 /* Debug */,
				41ADF8EB2E80355D0020D3B8 /* Release */,
			);
			defaultConfigurationIsVisible = 0;
			defaultConfigurationName = Release;
		};
		41ADF8EC2E80355D0020D3B8 /* Build configuration list for PBXNativeTarget "week2leanTests" */ = {
			isa = XCConfigurationList;
			buildConfigurations = (
				41ADF8ED2E80355D0020D3B8 /* Debug */,
				41ADF8EE2E80355D0020D3B8 /* Release */,
			);
			defaultConfigurationIsVisible = 0;
			defaultConfigurationName = Release;
		};
		41ADF8EF2E80355D0020D3B8 /* Build configuration list for PBXNativeTarget "week2leanUITests" */ = {
			isa = XCConfigurationList;
			buildConfigurations = (
				41ADF8F02E80355D0020D3B8 /* Debug */,
				41ADF8F12E80355D0020D3B8 /* Release */,
			);
			defaultConfigurationIsVisible = 0;
			defaultConfigurationName = Release;
		};
/* End XCConfigurationList section */
	};
	rootObject = 41ADF8C02E80355C0020D3B8 /* Project object */;
}
