// !$*UTF8*$!
{
	archiveVersion = 1;
	classes = {
	};
	objectVersion = 77;
	objects = {

/* Begin PBXContainerItemProxy section */
		411238382E7EB3F1004515BC /* PBXContainerItemProxy */ = {
			isa = PBXContainerItemProxy;
			containerPortal = 411238222E7EB3F0004515BC /* Project object */;
			proxyType = 1;
			remoteGlobalIDString = 411238292E7EB3F0004515BC;
			remoteInfo = Week1_Practice;
		};
		411238422E7EB3F1004515BC /* PBXContainerItemProxy */ = {
			isa = PBXContainerItemProxy;
			containerPortal = 411238222E7EB3F0004515BC /* Project object */;
			proxyType = 1;
			remoteGlobalIDString = 411238292E7EB3F0004515BC;
			remoteInfo = Week1_Practice;
		};
/* End PBXContainerItemProxy section */

/* Begin PBXFileReference section */
		4112382A2E7EB3F0004515BC /* Week1_Practice.app */ = {isa = PBXFileReference; explicitFileType = wrapper.application; includeInIndex = 0; path = Week1_Practice.app; sourceTree = BUILT_PRODUCTS_DIR; };
		411238372E7EB3F1004515BC /* Week1_PracticeTests.xctest */ = {isa = PBXFileReference; explicitFileType = wrapper.cfbundle; includeInIndex = 0; path = Week1_PracticeTests.xctest; sourceTree = BUILT_PRODUCTS_DIR; };
		411238412E7EB3F1004515BC /* Week1_PracticeUITests.xctest */ = {isa = PBXFileReference; explicitFileType = wrapper.cfbundle; includeInIndex = 0; path = Week1_PracticeUITests.xctest; sourceTree = BUILT_PRODUCTS_DIR; };
/* End PBXFileReference section */

/* Begin PBXFileSystemSynchronizedRootGroup section */
		4112382C2E7EB3F0004515BC /* Week1_Practice */ = {
			isa = PBXFileSystemSynchronizedRootGroup;
			path = Week1_Practice;
			sourceTree = "<group>";
		};
		4112383A2E7EB3F1004515BC /* Week1_PracticeTests */ = {
			isa = PBXFileSystemSynchronizedRootGroup;
			path = Week1_PracticeTests;
			sourceTree = "<group>";
		};
		411238442E7EB3F1004515BC /* Week1_PracticeUITests */ = {
			isa = PBXFileSystemSynchronizedRootGroup;
			path = Week1_PracticeUITests;
			sourceTree = "<group>";
		};
		411238572E7EB44B004515BC /* Resources */ = {
			isa = PBXFileSystemSynchronizedRootGroup;
			path = Resources;
			sourceTree = "<group>";
		};
/* End PBXFileSystemSynchronizedRootGroup section */

/* Begin PBXFrameworksBuildPhase section */
		411238272E7EB3F0004515BC /* Frameworks */ = {
			isa = PBXFrameworksBuildPhase;
			buildActionMask = 2147483647;
			files = (
			);
			runOnlyForDeploymentPostprocessing = 0;
		};
		411238342E7EB3F1004515BC /* Frameworks */ = {
			isa = PBXFrameworksBuildPhase;
			buildActionMask = 2147483647;
			files = (
			);
			runOnlyForDeploymentPostprocessing = 0;
		};
		4112383E2E7EB3F1004515BC /* Frameworks */ = {
			isa = PBXFrameworksBuildPhase;
			buildActionMask = 2147483647;
			files = (
			);
			runOnlyForDeploymentPostprocessing = 0;
		};
/* End PBXFrameworksBuildPhase section */

/* Begin PBXGroup section */
		411238212E7EB3F0004515BC = {
			isa = PBXGroup;
			children = (
				4112382C2E7EB3F0004515BC /* Week1_Practice */,
				4112383A2E7EB3F1004515BC /* Week1_PracticeTests */,
				411238442E7EB3F1004515BC /* Week1_PracticeUITests */,
				4112382B2E7EB3F0004515BC /* Products */,
				411238572E7EB44B004515BC /* Resources */,
			);
			sourceTree = "<group>";
		};
		4112382B2E7EB3F0004515BC /* Products */ = {
			isa = PBXGroup;
			children = (
				4112382A2E7EB3F0004515BC /* Week1_Practice.app */,
				411238372E7EB3F1004515BC /* Week1_PracticeTests.xctest */,
				411238412E7EB3F1004515BC /* Week1_PracticeUITests.xctest */,
			);
			name = Products;
			sourceTree = "<group>";
		};
/* End PBXGroup section */

/* Begin PBXNativeTarget section */
		411238292E7EB3F0004515BC /* Week1_Practice */ = {
			isa = PBXNativeTarget;
			buildConfigurationList = 4112384B2E7EB3F1004515BC /* Build configuration list for PBXNativeTarget "Week1_Practice" */;
			buildPhases = (
				411238262E7EB3F0004515BC /* Sources */,
				411238272E7EB3F0004515BC /* Frameworks */,
				411238282E7EB3F0004515BC /* Resources */,
			);
			buildRules = (
			);
			dependencies = (
			);
			fileSystemSynchronizedGroups = (
				4112382C2E7EB3F0004515BC /* Week1_Practice */,
				411238572E7EB44B004515BC /* Resources */,
			);
			name = Week1_Practice;
			packageProductDependencies = (
			);
			productName = Week1_Practice;
			productReference = 4112382A2E7EB3F0004515BC /* Week1_Practice.app */;
			productType = "com.apple.product-type.application";
		};
		411238362E7EB3F1004515BC /* Week1_PracticeTests */ = {
			isa = PBXNativeTarget;
			buildConfigurationList = 4112384E2E7EB3F1004515BC /* Build configuration list for PBXNativeTarget "Week1_PracticeTests" */;
			buildPhases = (
				411238332E7EB3F1004515BC /* Sources */,
				411238342E7EB3F1004515BC /* Frameworks */,
				411238352E7EB3F1004515BC /* Resources */,
			);
			buildRules = (
			);
			dependencies = (
				411238392E7EB3F1004515BC /* PBXTargetDependency */,
			);
			fileSystemSynchronizedGroups = (
				4112383A2E7EB3F1004515BC /* Week1_PracticeTests */,
			);
			name = Week1_PracticeTests;
			packageProductDependencies = (
			);
			productName = Week1_PracticeTests;
			productReference = 411238372E7EB3F1004515BC /* Week1_PracticeTests.xctest */;
			productType = "com.apple.product-type.bundle.unit-test";
		};
		411238402E7EB3F1004515BC /* Week1_PracticeUITests */ = {
			isa = PBXNativeTarget;
			buildConfigurationList = 411238512E7EB3F1004515BC /* Build configuration list for PBXNativeTarget "Week1_PracticeUITests" */;
			buildPhases = (
				4112383D2E7EB3F1004515BC /* Sources */,
				4112383E2E7EB3F1004515BC /* Frameworks */,
				4112383F2E7EB3F1004515BC /* Resources */,
			);
			buildRules = (
			);
			dependencies = (
				411238432E7EB3F1004515BC /* PBXTargetDependency */,
			);
			fileSystemSynchronizedGroups = (
				411238442E7EB3F1004515BC /* Week1_PracticeUITests */,
			);
			name = Week1_PracticeUITests;
			packageProductDependencies = (
			);
			productName = Week1_PracticeUITests;
			productReference = 411238412E7EB3F1004515BC /* Week1_PracticeUITests.xctest */;
			productType = "com.apple.product-type.bundle.ui-testing";
		};
/* End PBXNativeTarget section */

/* Begin PBXProject section */
		411238222E7EB3F0004515BC /* Project object */ = {
			isa = PBXProject;
			attributes = {
				BuildIndependentTargetsInParallel = 1;
				LastSwiftUpdateCheck = 1640;
				LastUpgradeCheck = 1640;
				TargetAttributes = {
					411238292E7EB3F0004515BC = {
						CreatedOnToolsVersion = 16.4;
					};
					411238362E7EB3F1004515BC = {
						CreatedOnToolsVersion = 16.4;
						TestTargetID = 411238292E7EB3F0004515BC;
					};
					411238402E7EB3F1004515BC = {
						CreatedOnToolsVersion = 16.4;
						TestTargetID = 411238292E7EB3F0004515BC;
					};
				};
			};
			buildConfigurationList = 411238252E7EB3F0004515BC /* Build configuration list for PBXProject "Week1_Practice" */;
			developmentRegion = en;
			hasScannedForEncodings = 0;
			knownRegions = (
				en,
				Base,
			);
			mainGroup = 411238212E7EB3F0004515BC;
			minimizedProjectReferenceProxies = 1;
			preferredProjectObjectVersion = 77;
			productRefGroup = 4112382B2E7EB3F0004515BC /* Products */;
			projectDirPath = "";
			projectRoot = "";
			targets = (
				411238292E7EB3F0004515BC /* Week1_Practice */,
				411238362E7EB3F1004515BC /* Week1_PracticeTests */,
				411238402E7EB3F1004515BC /* Week1_PracticeUITests */,
			);
		};
/* End PBXProject section */

/* Begin PBXResourcesBuildPhase section */
		411238282E7EB3F0004515BC /* Resources */ = {
			isa = PBXResourcesBuildPhase;
			buildActionMask = 2147483647;
			files = (
			);
			runOnlyForDeploymentPostprocessing = 0;
		};
		411238352E7EB3F1004515BC /* Resources */ = {
			isa = PBXResourcesBuildPhase;
			buildActionMask = 2147483647;
			files = (
			);
			runOnlyForDeploymentPostprocessing = 0;
		};
		4112383F2E7EB3F1004515BC /* Resources */ = {
			isa = PBXResourcesBuildPhase;
			buildActionMask = 2147483647;
			files = (
			);
			runOnlyForDeploymentPostprocessing = 0;
		};
/* End PBXResourcesBuildPhase section */

/* Begin PBXSourcesBuildPhase section */
		411238262E7EB3F0004515BC /* Sources */ = {
			isa = PBXSourcesBuildPhase;
			buildActionMask = 2147483647;
			files = (
			);
			runOnlyForDeploymentPostprocessing = 0;
		};
		411238332E7EB3F1004515BC /* Sources */ = {
			isa = PBXSourcesBuildPhase;
			buildActionMask = 2147483647;
			files = (
			);
			runOnlyForDeploymentPostprocessing = 0;
		};
		4112383D2E7EB3F1004515BC /* Sources */ = {
			isa = PBXSourcesBuildPhase;
			buildActionMask = 2147483647;
			files = (
			);
			runOnlyForDeploymentPostprocessing = 0;
		};
/* End PBXSourcesBuildPhase section */

/* Begin PBXTargetDependency section */
		411238392E7EB3F1004515BC /* PBXTargetDependency */ = {
			isa = PBXTargetDependency;
			target = 411238292E7EB3F0004515BC /* Week1_Practice */;
			targetProxy = 411238382E7EB3F1004515BC /* PBXContainerItemProxy */;
		};
		411238432E7EB3F1004515BC /* PBXTargetDependency */ = {
			isa = PBXTargetDependency;
			target = 411238292E7EB3F0004515BC /* Week1_Practice */;
			targetProxy = 411238422E7EB3F1004515BC /* PBXContainerItemProxy */;
		};
/* End PBXTargetDependency section */

/* Begin XCBuildConfiguration section */
		411238492E7EB3F1004515BC /* Debug */ = {
			isa = XCBuildConfiguration;
			buildSettings = {
				ALWAYS_SEARCH_USER_PATHS = NO;
				ASSETCATALOG_COMPILER_GENERATE_SWIFT_ASSET_SYMBOL_EXTENSIONS = YES;
				CLANG_ANALYZER_NONNULL = YES;
				CLANG_ANALYZER_NUMBER_OBJECT_CONVERSION = YES_AGGRESSIVE;
				CLANG_CXX_LANGUAGE_STANDARD = "gnu++20";
				CLANG_ENABLE_MODULES = YES;
				CLANG_ENABLE_OBJC_ARC = YES;
				CLANG_ENABLE_OBJC_WEAK = YES;
				CLANG_WARN_BLOCK_CAPTURE_AUTORELEASING = YES;
				CLANG_WARN_BOOL_CONVERSION = YES;
				CLANG_WARN_COMMA = YES;
				CLANG_WARN_CONSTANT_CONVERSION = YES;
				CLANG_WARN_DEPRECATED_OBJC_IMPLEMENTATIONS = YES;
				CLANG_WARN_DIRECT_OBJC_ISA_USAGE = YES_ERROR;
				CLANG_WARN_DOCUMENTATION_COMMENTS = YES;
				CLANG_WARN_EMPTY_BODY = YES;
				CLANG_WARN_ENUM_CONVERSION = YES;
				CLANG_WARN_INFINITE_RECURSION = YES;
				CLANG_WARN_INT_CONVERSION = YES;
				CLANG_WARN_NON_LITERAL_NULL_CONVERSION = YES;
				CLANG_WARN_OBJC_IMPLICIT_RETAIN_SELF = YES;
				CLANG_WARN_OBJC_LITERAL_CONVERSION = YES;
				CLANG_WARN_OBJC_ROOT_CLASS = YES_ERROR;
				CLANG_WARN_QUOTED_INCLUDE_IN_FRAMEWORK_HEADER = YES;
				CLANG_WARN_RANGE_LOOP_ANALYSIS = YES;
				CLANG_WARN_STRICT_PROTOTYPES = YES;
				CLANG_WARN_SUSPICIOUS_MOVE = YES;
				CLANG_WARN_UNGUARDED_AVAILABILITY = YES_AGGRESSIVE;
				CLANG_WARN_UNREACHABLE_CODE = YES;
				CLANG_WARN__DUPLICATE_METHOD_MATCH = YES;
				COPY_PHASE_STRIP = NO;
				DEBUG_INFORMATION_FORMAT = dwarf;
				ENABLE_STRICT_OBJC_MSGSEND = YES;
				ENABLE_TESTABILITY = YES;
				ENABLE_USER_SCRIPT_SANDBOXING = YES;
				GCC_C_LANGUAGE_STANDARD = gnu17;
				GCC_DYNAMIC_NO_PIC = NO;
				GCC_NO_COMMON_BLOCKS = YES;
				GCC_OPTIMIZATION_LEVEL = 0;
				GCC_PREPROCESSOR_DEFINITIONS = (
					"DEBUG=1",
					"$(inherited)",
				);
				GCC_WARN_64_TO_32_BIT_CONVERSION = YES;
				GCC_WARN_ABOUT_RETURN_TYPE = YES_ERROR;
				GCC_WARN_UNDECLARED_SELECTOR = YES;
				GCC_WARN_UNINITIALIZED_AUTOS = YES_AGGRESSIVE;
				GCC_WARN_UNUSED_FUNCTION = YES;
				GCC_WARN_UNUSED_VARIABLE = YES;
				IPHONEOS_DEPLOYMENT_TARGET = 18.5;
				LOCALIZATION_PREFERS_STRING_CATALOGS = YES;
				MTL_ENABLE_DEBUG_INFO = INCLUDE_SOURCE;
				MTL_FAST_MATH = YES;
				ONLY_ACTIVE_ARCH = YES;
				SDKROOT = iphoneos;
				SWIFT_ACTIVE_COMPILATION_CONDITIONS = "DEBUG $(inherited)";
				SWIFT_OPTIMIZATION_LEVEL = "-Onone";
			};
			name = Debug;
		};
		4112384A2E7EB3F1004515BC /* Release */ = {
			isa = XCBuildConfiguration;
			buildSettings = {
				ALWAYS_SEARCH_USER_PATHS = NO;
				ASSETCATALOG_COMPILER_GENERATE_SWIFT_ASSET_SYMBOL_EXTENSIONS = YES;
				CLANG_ANALYZER_NONNULL = YES;
				CLANG_ANALYZER_NUMBER_OBJECT_CONVERSION = YES_AGGRESSIVE;
				CLANG_CXX_LANGUAGE_STANDARD = "gnu++20";
				CLANG_ENABLE_MODULES = YES;
				CLANG_ENABLE_OBJC_ARC = YES;
				CLANG_ENABLE_OBJC_WEAK = YES;
				CLANG_WARN_BLOCK_CAPTURE_AUTORELEASING = YES;
				CLANG_WARN_BOOL_CONVERSION = YES;
				CLANG_WARN_COMMA = YES;
				CLANG_WARN_CONSTANT_CONVERSION = YES;
				CLANG_WARN_DEPRECATED_OBJC_IMPLEMENTATIONS = YES;
				CLANG_WARN_DIRECT_OBJC_ISA_USAGE = YES_ERROR;
				CLANG_WARN_DOCUMENTATION_COMMENTS = YES;
				CLANG_WARN_EMPTY_BODY = YES;
				CLANG_WARN_ENUM_CONVERSION = YES;
				CLANG_WARN_INFINITE_RECURSION = YES;
				CLANG_WARN_INT_CONVERSION = YES;
				CLANG_WARN_NON_LITERAL_NULL_CONVERSION = YES;
				CLANG_WARN_OBJC_IMPLICIT_RETAIN_SELF = YES;
				CLANG_WARN_OBJC_LITERAL_CONVERSION = YES;
				CLANG_WARN_OBJC_ROOT_CLASS = YES_ERROR;
				CLANG_WARN_QUOTED_INCLUDE_IN_FRAMEWORK_HEADER = YES;
				CLANG_WARN_RANGE_LOOP_ANALYSIS = YES;
				CLANG_WARN_STRICT_PROTOTYPES = YES;
				CLANG_WARN_SUSPICIOUS_MOVE = YES;
				CLANG_WARN_UNGUARDED_AVAILABILITY = YES_AGGRESSIVE;
				CLANG_WARN_UNREACHABLE_CODE = YES;
				CLANG_WARN__DUPLICATE_METHOD_MATCH = YES;
				COPY_PHASE_STRIP = NO;
				DEBUG_INFORMATION_FORMAT = "dwarf-with-dsym";
				ENABLE_NS_ASSERTIONS = NO;
				ENABLE_STRICT_OBJC_MSGSEND = YES;
				ENABLE_USER_SCRIPT_SANDBOXING = YES;
				GCC_C_LANGUAGE_STANDARD = gnu17;
				GCC_NO_COMMON_BLOCKS = YES;
				GCC_WARN_64_TO_32_BIT_CONVERSION = YES;
				GCC_WARN_ABOUT_RETURN_TYPE = YES_ERROR;
				GCC_WARN_UNDECLARED_SELECTOR = YES;
				GCC_WARN_UNINITIALIZED_AUTOS = YES_AGGRESSIVE;
				GCC_WARN_UNUSED_FUNCTION = YES;
				GCC_WARN_UNUSED_VARIABLE = YES;
				IPHONEOS_DEPLOYMENT_TARGET = 18.5;
				LOCALIZATION_PREFERS_STRING_CATALOGS = YES;
				MTL_ENABLE_DEBUG_INFO = NO;
				MTL_FAST_MATH = YES;
				SDKROOT = iphoneos;
				SWIFT_COMPILATION_MODE = wholemodule;
				VALIDATE_PRODUCT = YES;
			};
			name = Release;
		};
		4112384C2E7EB3F1004515BC /* Debug */ = {
			isa = XCBuildConfiguration;
			buildSettings = {
				ASSETCATALOG_COMPILER_APPICON_NAME = AppIcon;
				ASSETCATALOG_COMPILER_GLOBAL_ACCENT_COLOR_NAME = AccentColor;
				CODE_SIGN_STYLE = Automatic;
				CURRENT_PROJECT_VERSION = 1;
				ENABLE_PREVIEWS = YES;
				GENERATE_INFOPLIST_FILE = YES;
				INFOPLIST_FILE = "Week1-Practice-Info.plist";
				INFOPLIST_KEY_UIApplicationSceneManifest_Generation = YES;
				INFOPLIST_KEY_UIApplicationSupportsIndirectInputEvents = YES;
				INFOPLIST_KEY_UILaunchScreen_Generation = YES;
				INFOPLIST_KEY_UISupportedInterfaceOrientations_iPad = "UIInterfaceOrientationPortrait UIInterfaceOrientationPortraitUpsideDown UIInterfaceOrientationLandscapeLeft UIInterfaceOrientationLandscapeRight";
				INFOPLIST_KEY_UISupportedInterfaceOrientations_iPhone = "UIInterfaceOrientationPortrait UIInterfaceOrientationLandscapeLeft UIInterfaceOrientationLandscapeRight";
				LD_RUNPATH_SEARCH_PATHS = (
					"$(inherited)",
					"@executable_path/Frameworks",
				);
				MARKETING_VERSION = 1.0;
				PRODUCT_BUNDLE_IDENTIFIER = "com.testdev.Week1-Practice";
				PRODUCT_NAME = "$(TARGET_NAME)";
				SWIFT_EMIT_LOC_STRINGS = YES;
				SWIFT_VERSION = 5.0;
				TARGETED_DEVICE_FAMILY = "1,2";
			};
			name = Debug;
		};
		4112384D2E7EB3F1004515BC /* Release */ = {
			isa = XCBuildConfiguration;
			buildSettings = {
				ASSETCATALOG_COMPILER_APPICON_NAME = AppIcon;
				ASSETCATALOG_COMPILER_GLOBAL_ACCENT_COLOR_NAME = AccentColor;
				CODE_SIGN_STYLE = Automatic;
				CURRENT_PROJECT_VERSION = 1;
				ENABLE_PREVIEWS = YES;
				GENERATE_INFOPLIST_FILE = YES;
				INFOPLIST_FILE = "Week1-Practice-Info.plist";
				INFOPLIST_KEY_UIApplicationSceneManifest_Generation = YES;
				INFOPLIST_KEY_UIApplicationSupportsIndirectInputEvents = YES;
				INFOPLIST_KEY_UILaunchScreen_Generation = YES;
				INFOPLIST_KEY_UISupportedInterfaceOrientations_iPad = "UIInterfaceOrientationPortrait UIInterfaceOrientationPortraitUpsideDown UIInterfaceOrientationLandscapeLeft UIInterfaceOrientationLandscapeRight";
				INFOPLIST_KEY_UISupportedInterfaceOrientations_iPhone = "UIInterfaceOrientationPortrait UIInterfaceOrientationLandscapeLeft UIInterfaceOrientationLandscapeRight";
				LD_RUNPATH_SEARCH_PATHS = (
					"$(inherited)",
					"@executable_path/Frameworks",
				);
				MARKETING_VERSION = 1.0;
				PRODUCT_BUNDLE_IDENTIFIER = "com.testdev.Week1-Practice";
				PRODUCT_NAME = "$(TARGET_NAME)";
				SWIFT_EMIT_LOC_STRINGS = YES;
				SWIFT_VERSION = 5.0;
				TARGETED_DEVICE_FAMILY = "1,2";
			};
			name = Release;
		};
		4112384F2E7EB3F1004515BC /* Debug */ = {
			isa = XCBuildConfiguration;
			buildSettings = {
				BUNDLE_LOADER = "$(TEST_HOST)";
				CODE_SIGN_STYLE = Automatic;
				CURRENT_PROJECT_VERSION = 1;
				GENERATE_INFOPLIST_FILE = YES;
				IPHONEOS_DEPLOYMENT_TARGET = 18.5;
				MARKETING_VERSION = 1.0;
				PRODUCT_BUNDLE_IDENTIFIER = "com.testdev.Week1-PracticeTests";
				PRODUCT_NAME = "$(TARGET_NAME)";
				SWIFT_EMIT_LOC_STRINGS = NO;
				SWIFT_VERSION = 5.0;
				TARGETED_DEVICE_FAMILY = "1,2";
				TEST_HOST = "$(BUILT_PRODUCTS_DIR)/Week1_Practice.app/$(BUNDLE_EXECUTABLE_FOLDER_PATH)/Week1_Practice";
			};
			name = Debug;
		};
		411238502E7EB3F1004515BC /* Release */ = {
			isa = XCBuildConfiguration;
			buildSettings = {
				BUNDLE_LOADER = "$(TEST_HOST)";
				CODE_SIGN_STYLE = Automatic;
				CURRENT_PROJECT_VERSION = 1;
				GENERATE_INFOPLIST_FILE = YES;
				IPHONEOS_DEPLOYMENT_TARGET = 18.5;
				MARKETING_VERSION = 1.0;
				PRODUCT_BUNDLE_IDENTIFIER = "com.testdev.Week1-PracticeTests";
				PRODUCT_NAME = "$(TARGET_NAME)";
				SWIFT_EMIT_LOC_STRINGS = NO;
				SWIFT_VERSION = 5.0;
				TARGETED_DEVICE_FAMILY = "1,2";
				TEST_HOST = "$(BUILT_PRODUCTS_DIR)/Week1_Practice.app/$(BUNDLE_EXECUTABLE_FOLDER_PATH)/Week1_Practice";
			};
			name = Release;
		};
		411238522E7EB3F1004515BC /* Debug */ = {
			isa = XCBuildConfiguration;
			buildSettings = {
				CODE_SIGN_STYLE = Automatic;
				CURRENT_PROJECT_VERSION = 1;
				GENERATE_INFOPLIST_FILE = YES;
				MARKETING_VERSION = 1.0;
				PRODUCT_BUNDLE_IDENTIFIER = "com.testdev.Week1-PracticeUITests";
				PRODUCT_NAME = "$(TARGET_NAME)";
				SWIFT_EMIT_LOC_STRINGS = NO;
				SWIFT_VERSION = 5.0;
				TARGETED_DEVICE_FAMILY = "1,2";
				TEST_TARGET_NAME = Week1_Practice;
			};
			name = Debug;
		};
		411238532E7EB3F1004515BC /* Release */ = {
			isa = XCBuildConfiguration;
			buildSettings = {
				CODE_SIGN_STYLE = Automatic;
				CURRENT_PROJECT_VERSION = 1;
				GENERATE_INFOPLIST_FILE = YES;
				MARKETING_VERSION = 1.0;
				PRODUCT_BUNDLE_IDENTIFIER = "com.testdev.Week1-PracticeUITests";
				PRODUCT_NAME = "$(TARGET_NAME)";
				SWIFT_EMIT_LOC_STRINGS = NO;
				SWIFT_VERSION = 5.0;
				TARGETED_DEVICE_FAMILY = "1,2";
				TEST_TARGET_NAME = Week1_Practice;
			};
			name = Release;
		};
/* End XCBuildConfiguration section */

/* Begin XCConfigurationList section */
		411238252E7EB3F0004515BC /* Build configuration list for PBXProject "Week1_Practice" */ = {
			isa = XCConfigurationList;
			buildConfigurations = (
				411238492E7EB3F1004515BC /* Debug */,
				4112384A2E7EB3F1004515BC /* Release */,
			);
			defaultConfigurationIsVisible = 0;
			defaultConfigurationName = Release;
		};
		4112384B2E7EB3F1004515BC /* Build configuration list for PBXNativeTarget "Week1_Practice" */ = {
			isa = XCConfigurationList;
			buildConfigurations = (
				4112384C2E7EB3F1004515BC /* Debug */,
				4112384D2E7EB3F1004515BC /* Release */,
			);
			defaultConfigurationIsVisible = 0;
			defaultConfigurationName = Release;
		};
		4112384E2E7EB3F1004515BC /* Build configuration list for PBXNativeTarget "Week1_PracticeTests" */ = {
			isa = XCConfigurationList;
			buildConfigurations = (
				4112384F2E7EB3F1004515BC /* Debug */,
				411238502E7EB3F1004515BC /* Release */,
			);
			defaultConfigurationIsVisible = 0;
			defaultConfigurationName = Release;
		};
		411238512E7EB3F1004515BC /* Build configuration list for PBXNativeTarget "Week1_PracticeUITests" */ = {
			isa = XCConfigurationList;
			buildConfigurations = (
				411238522E7EB3F1004515BC /* Debug */,
				411238532E7EB3F1004515BC /* Release */,
			);
			defaultConfigurationIsVisible = 0;
			defaultConfigurationName = Release;
		};
/* End XCConfigurationList section */
	};
	rootObject = 411238222E7EB3F0004515BC /* Project object */;
}
